# THIS IS AN AUTOGENERATED FILE. DO NOT EDIT THIS FILE DIRECTLY.
# yarn lockfile v1


"@assemblyscript/loader@^0.19.22":
  version "0.19.23"
  resolved "https://registry.yarnpkg.com/@assemblyscript/loader/-/loader-0.19.23.tgz#7fccae28d0a2692869f1d1219d36093bc24d5e72"
  integrity sha512-ulkCYfFbYj01ie1MDOyxv2F6SpRN1TOj7fQxbP07D6HmeR+gr2JLSmINKjga2emB+b1L2KGrFKBTc+e00p54nw==

"@jafri/as-chain@0.0.1":
  version "0.0.1"
  resolved "https://registry.yarnpkg.com/@jafri/as-chain/-/as-chain-0.0.1.tgz#51d9675033f6e451abbca46d4dea4f8ce44854a0"
  integrity sha512-AQugNcYcUj01+/Yj7IKz3RsTWgiEkYx7of8x3xx64elANDx6Dji6VFSv2DD1wE0+4Wj5Nj1pTEr8kYWk8q74+Q==
  dependencies:
    "@assemblyscript/loader" "^0.19.22"
    as-bignum "^0.2.18"

as-bignum@^0.2.18:
  version "0.2.18"
  resolved "https://registry.yarnpkg.com/as-bignum/-/as-bignum-0.2.18.tgz#61ed4dd07d4a62107bde227fdb4370190217bf0b"
  integrity sha512-5LODrOr7wvS643oh7PHfyRtbBO9vCcU69vNNvrqh5yovrApM9nRHDeT5XcqnaSI8TqK9ZhN12qhZnq4rdIGcwQ==

assemblyscript@0.18:
  version "0.18.32"
  resolved "https://registry.yarnpkg.com/assemblyscript/-/assemblyscript-0.18.32.tgz#cbb76076bd4d9702f4baae0a2910c9755c8e4ecd"
  integrity sha512-Py6zremwGhO3nSoI/VxyVUzTZfNhTjzNzFDaUdG4JhPJHeG+FzVlEoNCrw4bE5nPc7F+P2DJ8tZQCqIt15ceKw==
  dependencies:
    binaryen "100.0.0-nightly.20210413"
    long "^4.0.0"

assemblyscript@^0.19.22:
  version "0.19.23"
  resolved "https://registry.yarnpkg.com/assemblyscript/-/assemblyscript-0.19.23.tgz#16ece69f7f302161e2e736a0f6a474e6db72134c"
  integrity sha512-fwOQNZVTMga5KRsfY80g7cpOl4PsFQczMwHzdtgoqLXaYhkhavufKb0sB0l3T1DUxpAufA0KNhlbpuuhZUwxMA==
  dependencies:
    binaryen "102.0.0-nightly.20211028"
    long "^5.2.0"
    source-map-support "^0.5.20"

binaryen@100.0.0-nightly.20210413:
  version "100.0.0-nightly.20210413"
  resolved "https://registry.yarnpkg.com/binaryen/-/binaryen-100.0.0-nightly.20210413.tgz#b7f2a5bb1f76b2d6f9c67486ca218714b3766790"
  integrity sha512-EeGLIxQmJS0xnYl+SH34mNBqVMoixKd9nsE7S7z+CtS9A4eoWn3Qjav+XElgunUgXIHAI5yLnYT2TUGnLX2f1w==

binaryen@102.0.0-nightly.20211028:
  version "102.0.0-nightly.20211028"
  resolved "https://registry.yarnpkg.com/binaryen/-/binaryen-102.0.0-nightly.20211028.tgz#8f1efb0920afd34509e342e37f84313ec936afb2"
  integrity sha512-GCJBVB5exbxzzvyt8MGDv/MeUjs6gkXDvf4xOIItRBptYl0Tz5sm1o/uG95YK0L0VeG5ajDu3hRtkBP2kzqC5w==

buffer-from@^1.0.0:
  version "1.1.2"
  resolved "https://registry.yarnpkg.com/buffer-from/-/buffer-from-1.1.2.tgz#2b146a6fd72e80b4f55d255f35ed59a3a9a41bd5"
  integrity sha512-E+XQCRwSbaaiChtv6k6Dwgc+bx+Bs6vuKJHHl5kox/BaKbhiXzqQOwK4cO22yElGp2OCmjwVhT3HmxgyPGnJfQ==

eosio-transform@0.0.13:
  version "0.0.13"
  resolved "https://registry.yarnpkg.com/eosio-transform/-/eosio-transform-0.0.13.tgz#cbfbf84379bdfffcab64ffa0003b2bd97ff88810"
  integrity sha512-Hx5Z9ZqlEp9wCzsbN2hS2nWbbIcmnHuS1ouZL4eSbGTKZLSzq78jqSd9wnDeXaoupggpj+h6fHiU1ZWn9MgXfA==
  dependencies:
    assemblyscript "0.18"
    handlebars "4.7.7"

handlebars@4.7.7:
  version "4.7.7"
  resolved "https://registry.yarnpkg.com/handlebars/-/handlebars-4.7.7.tgz#9ce33416aad02dbd6c8fafa8240d5d98004945a1"
  integrity sha512-aAcXm5OAfE/8IXkcZvCepKU3VzW1/39Fb5ZuqMtgI/hT8X2YgoMvBY5dLhq/cpOvw7Lk1nK/UF71aLG/ZnVYRA==
  dependencies:
    minimist "^1.2.5"
    neo-async "^2.6.0"
    source-map "^0.6.1"
    wordwrap "^1.0.0"
  optionalDependencies:
    uglify-js "^3.1.4"

long@^4.0.0:
  version "4.0.0"
  resolved "https://registry.yarnpkg.com/long/-/long-4.0.0.tgz#9a7b71cfb7d361a194ea555241c92f7468d5bf28"
  integrity sha512-XsP+KhQif4bjX1kbuSiySJFNAehNxgLb6hPRGJ9QsUr8ajHkuXGdrHmFUTUUXhDwVX2R5bY4JNZEwbUiMhV+MA==

long@^5.2.0:
  version "5.2.0"
  resolved "https://registry.yarnpkg.com/long/-/long-5.2.0.tgz#2696dadf4b4da2ce3f6f6b89186085d94d52fd61"
  integrity sha512-9RTUNjK60eJbx3uz+TEGF7fUr29ZDxR5QzXcyDpeSfeH28S9ycINflOgOlppit5U+4kNTe83KQnMEerw7GmE8w==

minimist@^1.2.5:
  version "1.2.5"
  resolved "https://registry.yarnpkg.com/minimist/-/minimist-1.2.5.tgz#67d66014b66a6a8aaa0c083c5fd58df4e4e97602"
  integrity sha512-FM9nNUYrRBAELZQT3xeZQ7fmMOBg6nWNmJKTcgsJeaLstP/UODVpGsr5OhXhhXg6f+qtJ8uiZ+PUxkDWcgIXLw==

neo-async@^2.6.0:
  version "2.6.2"
  resolved "https://registry.yarnpkg.com/neo-async/-/neo-async-2.6.2.tgz#b4aafb93e3aeb2d8174ca53cf163ab7d7308305f"
  integrity sha512-Yd3UES5mWCSqR+qNT93S3UoYUkqAZ9lLg8a7g9rimsWmYGK8cVToA4/sF3RrshdyV3sAGMXVUmpMYOw+dLpOuw==

source-map-support@^0.5.20:
  version "0.5.21"
  resolved "https://registry.yarnpkg.com/source-map-support/-/source-map-support-0.5.21.tgz#04fe7c7f9e1ed2d662233c28cb2b35b9f63f6e4f"
  integrity sha512-uBHU3L3czsIyYXKX88fdrGovxdSCoTGDRZ6SYXtSRxLZUzHg5P/66Ht6uoUlHu9EZod+inXhKo3qQgwXUT/y1w==
  dependencies:
    buffer-from "^1.0.0"
    source-map "^0.6.0"

source-map@^0.6.0, source-map@^0.6.1:
  version "0.6.1"
  resolved "https://registry.yarnpkg.com/source-map/-/source-map-0.6.1.tgz#74722af32e9614e9c287a8d0bbde48b5e2f1a263"
  integrity sha512-UjgapumWlbMhkBgzT7Ykc5YXUT46F0iKu8SGXq0bcwP5dz/h0Plj6enJqjz1Zbq2l5WaqYnrVbwWOWMyF3F47g==

typescript@4.5.5:
  version "4.5.5"
  resolved "https://registry.yarnpkg.com/typescript/-/typescript-4.5.5.tgz#d8c953832d28924a9e3d37c73d729c846c5896f3"
  integrity sha512-TCTIul70LyWe6IJWT8QSYeA54WQe8EjQFU4wY52Fasj5UKx88LNYKCgBEHcOMOrFF1rKGbD8v/xcNWVUq9SymA==

uglify-js@^3.1.4:
  version "3.15.1"
  resolved "https://registry.yarnpkg.com/uglify-js/-/uglify-js-3.15.1.tgz#9403dc6fa5695a6172a91bc983ea39f0f7c9086d"
  integrity sha512-FAGKF12fWdkpvNJZENacOH0e/83eG6JyVQyanIJaBXCN1J11TUQv1T1/z8S+Z0CG0ZPk1nPcreF/c7lrTd0TEQ==

wordwrap@^1.0.0:
  version "1.0.0"
  resolved "https://registry.yarnpkg.com/wordwrap/-/wordwrap-1.0.0.tgz#27584810891456a4171c8d0226441ade90cbcaeb"
  integrity sha1-J1hIEIkUVqQXHI0CJkQa3pDLyus=
